{
  "version": 4,
  "terraform_version": "1.1.4",
  "serial": 5,
  "lineage": "393930c3-515e-ea4d-1f4a-8678d20fd57b",
  "outputs": {},
  "resources": [
    {
      "mode": "managed",
      "type": "azurerm_resource_group",
      "name": "aftest-experimental",
      "provider": "provider[\"registry.terraform.io/hashicorp/azurerm\"]",
      "instances": [
        {
          "schema_version": 0,
          "attributes": {
            "id": "/subscriptions/2edfba36-5aaa-4ec3-a8d7-59c2e7c0de5c/resourceGroups/rg-aftest-experimental",
            "location": "westus3",
            "name": "rg-aftest-experimental",
            "tags": {},
            "timeouts": null
          },
          "sensitive_attributes": [],
          "private": "eyJlMmJmYjczMC1lY2FhLTExZTYtOGY4OC0zNDM2M2JjN2M0YzAiOnsiY3JlYXRlIjo1NDAwMDAwMDAwMDAwLCJkZWxldGUiOjU0MDAwMDAwMDAwMDAsInJlYWQiOjMwMDAwMDAwMDAwMCwidXBkYXRlIjo1NDAwMDAwMDAwMDAwfX0="
        }
      ]
    },
    {
      "mode": "managed",
      "type": "azurerm_storage_account",
      "name": "aftest-storage",
      "provider": "provider[\"registry.terraform.io/hashicorp/azurerm\"]",
      "instances": [
        {
          "schema_version": 2,
          "attributes": {
            "access_tier": "Hot",
            "account_kind": "StorageV2",
            "account_replication_type": "GRS",
            "account_tier": "Standard",
            "allow_blob_public_access": false,
            "azure_files_authentication": [],
            "blob_properties": [
              {
                "change_feed_enabled": false,
                "container_delete_retention_policy": [],
                "cors_rule": [],
                "default_service_version": "",
                "delete_retention_policy": [],
                "last_access_time_enabled": false,
                "versioning_enabled": false
              }
            ],
            "custom_domain": [],
            "enable_https_traffic_only": true,
            "id": "/subscriptions/2edfba36-5aaa-4ec3-a8d7-59c2e7c0de5c/resourceGroups/rg-aftest-experimental/providers/Microsoft.Storage/storageAccounts/afteststoragezazo",
            "identity": [],
            "is_hns_enabled": false,
            "large_file_share_enabled": null,
            "location": "westus3",
            "min_tls_version": "TLS1_0",
            "name": "afteststoragezazo",
            "network_rules": [
              {
                "bypass": [
                  "AzureServices"
                ],
                "default_action": "Allow",
                "ip_rules": [],
                "private_link_access": [],
                "virtual_network_subnet_ids": []
              }
            ],
            "nfsv3_enabled": false,
            "primary_access_key": "taB0bh7o/qyFyXiLEszbwfl4NH8P7ece2uMASctwYMiBjlOgC21R6HOcX7VK7YI6jk53OVUWdt4QaXKu1F9qzw==",
            "primary_blob_connection_string": "DefaultEndpointsProtocol=https;BlobEndpoint=https://afteststoragezazo.blob.core.windows.net/;AccountName=afteststoragezazo;AccountKey=taB0bh7o/qyFyXiLEszbwfl4NH8P7ece2uMASctwYMiBjlOgC21R6HOcX7VK7YI6jk53OVUWdt4QaXKu1F9qzw==",
            "primary_blob_endpoint": "https://afteststoragezazo.blob.core.windows.net/",
            "primary_blob_host": "afteststoragezazo.blob.core.windows.net",
            "primary_connection_string": "DefaultEndpointsProtocol=https;AccountName=afteststoragezazo;AccountKey=taB0bh7o/qyFyXiLEszbwfl4NH8P7ece2uMASctwYMiBjlOgC21R6HOcX7VK7YI6jk53OVUWdt4QaXKu1F9qzw==;EndpointSuffix=core.windows.net",
            "primary_dfs_endpoint": "https://afteststoragezazo.dfs.core.windows.net/",
            "primary_dfs_host": "afteststoragezazo.dfs.core.windows.net",
            "primary_file_endpoint": "https://afteststoragezazo.file.core.windows.net/",
            "primary_file_host": "afteststoragezazo.file.core.windows.net",
            "primary_location": "westus3",
            "primary_queue_endpoint": "https://afteststoragezazo.queue.core.windows.net/",
            "primary_queue_host": "afteststoragezazo.queue.core.windows.net",
            "primary_table_endpoint": "https://afteststoragezazo.table.core.windows.net/",
            "primary_table_host": "afteststoragezazo.table.core.windows.net",
            "primary_web_endpoint": "https://afteststoragezazo.z1.web.core.windows.net/",
            "primary_web_host": "afteststoragezazo.z1.web.core.windows.net",
            "queue_encryption_key_type": "Service",
            "queue_properties": [
              {
                "cors_rule": [],
                "hour_metrics": [
                  {
                    "enabled": true,
                    "include_apis": true,
                    "retention_policy_days": 7,
                    "version": "1.0"
                  }
                ],
                "logging": [
                  {
                    "delete": false,
                    "read": false,
                    "retention_policy_days": 0,
                    "version": "1.0",
                    "write": false
                  }
                ],
                "minute_metrics": [
                  {
                    "enabled": false,
                    "include_apis": false,
                    "retention_policy_days": 0,
                    "version": "1.0"
                  }
                ]
              }
            ],
            "resource_group_name": "rg-aftest-experimental",
            "routing": [],
            "secondary_access_key": "vAHN2TfzhznaeVLuMcE9Lyb1pt6D5XQZPEcKaWdP5+HZq6y/ubjqUllPDTgzerCUSJrcMVW/uiXxzAuIwT7/bQ==",
            "secondary_blob_connection_string": "",
            "secondary_blob_endpoint": null,
            "secondary_blob_host": null,
            "secondary_connection_string": "DefaultEndpointsProtocol=https;AccountName=afteststoragezazo;AccountKey=vAHN2TfzhznaeVLuMcE9Lyb1pt6D5XQZPEcKaWdP5+HZq6y/ubjqUllPDTgzerCUSJrcMVW/uiXxzAuIwT7/bQ==;EndpointSuffix=core.windows.net",
            "secondary_dfs_endpoint": null,
            "secondary_dfs_host": null,
            "secondary_file_endpoint": null,
            "secondary_file_host": null,
            "secondary_location": "eastus",
            "secondary_queue_endpoint": null,
            "secondary_queue_host": null,
            "secondary_table_endpoint": null,
            "secondary_table_host": null,
            "secondary_web_endpoint": null,
            "secondary_web_host": null,
            "share_properties": [
              {
                "cors_rule": [],
                "retention_policy": [
                  {
                    "days": 7
                  }
                ],
                "smb": []
              }
            ],
            "shared_access_key_enabled": true,
            "static_website": [],
            "table_encryption_key_type": "Service",
            "tags": {
              "environment": "staging"
            },
            "timeouts": null
          },
          "sensitive_attributes": [],
          "private": "eyJlMmJmYjczMC1lY2FhLTExZTYtOGY4OC0zNDM2M2JjN2M0YzAiOnsiY3JlYXRlIjozNjAwMDAwMDAwMDAwLCJkZWxldGUiOjM2MDAwMDAwMDAwMDAsInJlYWQiOjMwMDAwMDAwMDAwMCwidXBkYXRlIjozNjAwMDAwMDAwMDAwfSwic2NoZW1hX3ZlcnNpb24iOiIyIn0=",
          "dependencies": [
            "azurerm_resource_group.aftest-experimental",
            "random_string.random"
          ]
        }
      ]
    },
    {
      "mode": "managed",
      "type": "random_string",
      "name": "random",
      "provider": "provider[\"registry.terraform.io/hashicorp/random\"]",
      "instances": [
        {
          "schema_version": 1,
          "attributes": {
            "id": "zazo",
            "keepers": null,
            "length": 4,
            "lower": true,
            "min_lower": 0,
            "min_numeric": 0,
            "min_special": 0,
            "min_upper": 0,
            "number": true,
            "override_special": null,
            "result": "zazo",
            "special": false,
            "upper": false
          },
          "sensitive_attributes": [],
          "private": "eyJzY2hlbWFfdmVyc2lvbiI6IjEifQ=="
        }
      ]
    }
  ]
}
