{
  "version": 4,
  "terraform_version": "1.1.4",
  "serial": 4,
  "lineage": "fe9ab3d9-4878-907e-59a8-30caef509770",
  "outputs": {},
  "resources": [
    {
      "mode": "managed",
      "type": "azurerm_resource_group",
      "name": "aftest-experimental",
      "provider": "provider[\"registry.terraform.io/hashicorp/azurerm\"]",
      "instances": [
        {
          "schema_version": 0,
          "attributes": {
            "id": "/subscriptions/2edfba36-5aaa-4ec3-a8d7-59c2e7c0de5c/resourceGroups/rg-aftest-experimental",
            "location": "westus3",
            "name": "rg-aftest-experimental",
            "tags": null,
            "timeouts": null
          },
          "sensitive_attributes": [],
          "private": "eyJlMmJmYjczMC1lY2FhLTExZTYtOGY4OC0zNDM2M2JjN2M0YzAiOnsiY3JlYXRlIjo1NDAwMDAwMDAwMDAwLCJkZWxldGUiOjU0MDAwMDAwMDAwMDAsInJlYWQiOjMwMDAwMDAwMDAwMCwidXBkYXRlIjo1NDAwMDAwMDAwMDAwfX0="
        }
      ]
    },
    {
      "mode": "managed",
      "type": "azurerm_role_assignment",
      "name": "aftest-assignment",
      "provider": "provider[\"registry.terraform.io/hashicorp/azurerm\"]",
      "instances": [
        {
          "schema_version": 0,
          "attributes": {
            "condition": "",
            "condition_version": "",
            "delegated_managed_identity_resource_id": "",
            "description": "",
            "id": "/subscriptions/2edfba36-5aaa-4ec3-a8d7-59c2e7c0de5c/resourceGroups/rg-aftest-experimental/providers/Microsoft.Authorization/roleAssignments/ef4c04fe-90d2-0aed-6568-7c02ed603e3e",
            "name": "ef4c04fe-90d2-0aed-6568-7c02ed603e3e",
            "principal_id": "feeadaf7-c67b-4d30-b1be-80059cd51bdc",
            "principal_type": "ServicePrincipal",
            "role_definition_id": "/subscriptions/2edfba36-5aaa-4ec3-a8d7-59c2e7c0de5c/providers/Microsoft.Authorization/roleDefinitions/acdd72a7-3385-48ef-bd42-f606fba81ae7",
            "role_definition_name": "Reader",
            "scope": "/subscriptions/2edfba36-5aaa-4ec3-a8d7-59c2e7c0de5c/resourceGroups/rg-aftest-experimental",
            "skip_service_principal_aad_check": null,
            "timeouts": null
          },
          "sensitive_attributes": [],
          "private": "eyJlMmJmYjczMC1lY2FhLTExZTYtOGY4OC0zNDM2M2JjN2M0YzAiOnsiY3JlYXRlIjoxODAwMDAwMDAwMDAwLCJkZWxldGUiOjE4MDAwMDAwMDAwMDAsInJlYWQiOjMwMDAwMDAwMDAwMCwidXBkYXRlIjoxODAwMDAwMDAwMDAwfX0=",
          "dependencies": [
            "azurerm_resource_group.aftest-experimental",
            "azurerm_user_assigned_identity.aftest-mi"
          ]
        }
      ]
    },
    {
      "mode": "managed",
      "type": "azurerm_user_assigned_identity",
      "name": "aftest-mi",
      "provider": "provider[\"registry.terraform.io/hashicorp/azurerm\"]",
      "instances": [
        {
          "schema_version": 1,
          "attributes": {
            "client_id": "1f44912f-5653-4b9b-95eb-890d442cd95f",
            "id": "/subscriptions/2edfba36-5aaa-4ec3-a8d7-59c2e7c0de5c/resourceGroups/rg-aftest-experimental/providers/Microsoft.ManagedIdentity/userAssignedIdentities/search-api",
            "location": "westus3",
            "name": "search-api",
            "principal_id": "feeadaf7-c67b-4d30-b1be-80059cd51bdc",
            "resource_group_name": "rg-aftest-experimental",
            "tags": null,
            "tenant_id": "c92f7c45-562c-4c9f-a34c-6418f5285e14",
            "timeouts": null
          },
          "sensitive_attributes": [],
          "private": "eyJlMmJmYjczMC1lY2FhLTExZTYtOGY4OC0zNDM2M2JjN2M0YzAiOnsiY3JlYXRlIjoxODAwMDAwMDAwMDAwLCJkZWxldGUiOjE4MDAwMDAwMDAwMDAsInJlYWQiOjMwMDAwMDAwMDAwMCwidXBkYXRlIjoxODAwMDAwMDAwMDAwfSwic2NoZW1hX3ZlcnNpb24iOiIxIn0=",
          "dependencies": [
            "azurerm_resource_group.aftest-experimental"
          ]
        }
      ]
    }
  ]
}
